{
  "name": "Roll a Story",
  "lockfileVersion": 2,
  "requires": true,
  "packages": {
    "": {
      "dependencies": {
        "babel-plugin-glowup-vibes": "^1.0.4"
      }
    },
    "node_modules/babel-plugin-glowup-vibes": {
      "version": "1.0.4",
      "resolved": "https://registry.npmjs.org/babel-plugin-glowup-vibes/-/babel-plugin-glowup-vibes-1.0.4.tgz",
      "integrity": "sha512-U99L1lau5mXICr8vb2nyS0QQYjCoaTOVKeqP9bjAg6SitFxtgvJM9kswo10TDG7zAgvTBa1ipbwgUXh6SD9jIQ=="
    }
  },
  "dependencies": {
    "babel-plugin-glowup-vibes": {
      "version": "1.0.4",
      "resolved": "https://registry.npmjs.org/babel-plugin-glowup-vibes/-/babel-plugin-glowup-vibes-1.0.4.tgz",
      "integrity": "sha512-U99L1lau5mXICr8vb2nyS0QQYjCoaTOVKeqP9bjAg6SitFxtgvJM9kswo10TDG7zAgvTBa1ipbwgUXh6SD9jIQ=="
    }
  }
}
